{
  "name": "regQuery",
  "version": "1.0.0",
  "lockfileVersion": 1,
  "requires": true,
  "dependencies": {
    "copy-paste": {
      "version": "1.3.0",
      "resolved": "https://registry.npmjs.org/copy-paste/-/copy-paste-1.3.0.tgz",
      "integrity": "sha1-p+bEocKP3t8rCB5yuX3y75X0ce0=",
      "requires": {
        "iconv-lite": "0.4.19",
        "sync-exec": "0.6.2"
      }
    },
    "iconv-lite": {
      "version": "0.4.19",
      "resolved": "http://registry.npm.taobao.org/iconv-lite/download/iconv-lite-0.4.19.tgz"
    },
    "sync-exec": {
      "version": "0.6.2",
      "resolved": "http://registry.npm.taobao.org/sync-exec/download/sync-exec-0.6.2.tgz",
      "optional": true
    }
  }
}
